Microsoft Visual Studio Solution File, Format Version 11.00
# Visual Studio 2008

Project("{369F8628-EE77-A511-AA34-5C9D38E66698}") = "Block Breaker Game", "Assembly-CSharp-vs.csproj", "{F56907D9-B8B1-312E-9B87-DF66358C2758}"
EndProject
Global
	GlobalSection(SolutionConfigurationPlatforms) = preSolution
		Debug|Any CPU = Debug|Any CPU
		Release|Any CPU = Release|Any CPU
	EndGlobalSection
	GlobalSection(ProjectConfigurationPlatforms) = postSolution
		{F56907D9-B8B1-312E-9B87-DF66358C2758}.Debug|Any CPU.ActiveCfg = Debug|Any CPU
		{F56907D9-B8B1-312E-9B87-DF66358C2758}.Debug|Any CPU.Build.0 = Debug|Any CPU
		{F56907D9-B8B1-312E-9B87-DF66358C2758}.Release|Any CPU.ActiveCfg = Release|Any CPU
		{F56907D9-B8B1-312E-9B87-DF66358C2758}.Release|Any CPU.Build.0 = Release|Any CPU
	EndGlobalSection
	GlobalSection(SolutionProperties) = preSolution
		HideSolutionNode = FALSE
	EndGlobalSection
									GlobalSection(MonoDevelopProperties) = preSolution
		StartupItem = Assembly-CSharp.csproj
	EndGlobalSection

EndGlobal
